<Solution>
  <Folder Name="/shared/">
    <Project Path="shared/Mimas.Core.Build/Mimas.Core.csproj" />
    <Project Path="shared/Mimas.Core.Tests/Mimas.Core.Tests.csproj" />
  </Folder>
  <Folder Name="/server/">
    <Project Path="server/Mimas.Server/Mimas.Server.csproj" />
    <Project Path="server/Mimas.Server.Tests/Mimas.Server.Tests.csproj" />
  </Folder>
</Solution>
